<?xml version="1.0" encoding="utf-8"?>
<Project ToolsVersion="4.0" xmlns="http://schemas.microsoft.com/developer/msbuild/2003">
  <ItemGroup>
    <CudaCompile Include="profiler.cu" />
    <CudaCompile Include="PandemicSim.cu" />
    <CudaCompile Include="main.cu" />
    <CudaCompile Include="debug.cu" />
    <CudaCompile Include="resource_logging.cu" />
  </ItemGroup>
  <ItemGroup>
    <ClCompile Include="stdafx.cpp" />
    <ClCompile Include="host_functions.cpp" />
  </ItemGroup>
  <ItemGroup>
    <ClInclude Include="PandemicSim.h">
      <Filter>Header files</Filter>
    </ClInclude>
    <ClInclude Include="indirect.h">
      <Filter>Header files</Filter>
    </ClInclude>
    <ClInclude Include="profiler.h">
      <Filter>Header files</Filter>
    </ClInclude>
    <ClInclude Include="stdafx.h">
      <Filter>Header files</Filter>
    </ClInclude>
    <ClInclude Include="simParameters.h">
      <Filter>Header files</Filter>
    </ClInclude>
    <ClInclude Include="thrust_functors.h">
      <Filter>Header files</Filter>
    </ClInclude>
    <ClInclude Include="resource_logging.h">
      <Filter>Header files</Filter>
    </ClInclude>
    <ClInclude Include="sql_logging.h">
      <Filter>Header files</Filter>
    </ClInclude>
    <ClInclude Include="cuda_includes.h" />
    <ClInclude Include="host_functions.h" />
    <ClInclude Include="device_K20.h">
      <Filter>device_configs</Filter>
    </ClInclude>
    <ClInclude Include="device_GT640.h">
      <Filter>device_configs</Filter>
    </ClInclude>
    <ClInclude Include="device_Q880M.h">
      <Filter>device_configs</Filter>
    </ClInclude>
  </ItemGroup>
  <ItemGroup>
    <Filter Include="Header files">
      <UniqueIdentifier>{7fdfc2ff-786a-4e54-a037-6698d38a8851}</UniqueIdentifier>
    </Filter>
    <Filter Include="device_configs">
      <UniqueIdentifier>{10045a54-0997-4779-ada8-375e0aa3cf58}</UniqueIdentifier>
    </Filter>
  </ItemGroup>
</Project>